// !$*UTF8*$!
{
	archiveVersion = 1;
	classes = {
	};
	objectVersion = 46;
	objects = {

/* Begin PBXBuildFile section */
		44AC1BFD1A91584300C55985 /* main.m in Sources */ = {isa = PBXBuildFile; fileRef = 44AC1BFC1A91584300C55985 /* main.m */; };
		44AC1C001A91584300C55985 /* AppDelegate.m in Sources */ = {isa = PBXBuildFile; fileRef = 44AC1BFF1A91584300C55985 /* AppDelegate.m */; };
		44AC1C031A91584300C55985 /* ViewController.m in Sources */ = {isa = PBXBuildFile; fileRef = 44AC1C021A91584300C55985 /* ViewController.m */; };
		44AC1C061A91584300C55985 /* Main.storyboard in Resources */ = {isa = PBXBuildFile; fileRef = 44AC1C041A91584300C55985 /* Main.storyboard */; };
		44AC1C081A91584300C55985 /* Images.xcassets in Resources */ = {isa = PBXBuildFile; fileRef = 44AC1C071A91584300C55985 /* Images.xcassets */; };
		44AC1C0B1A91584300C55985 /* LaunchScreen.xib in Resources */ = {isa = PBXBuildFile; fileRef = 44AC1C091A91584300C55985 /* LaunchScreen.xib */; };
		44AC1C171A91584300C55985 /* Labb4Tests.m in Sources */ = {isa = PBXBuildFile; fileRef = 44AC1C161A91584300C55985 /* Labb4Tests.m */; };
/* End PBXBuildFile section */

/* Begin PBXContainerItemProxy section */
		44AC1C111A91584300C55985 /* PBXContainerItemProxy */ = {
			isa = PBXContainerItemProxy;
			containerPortal = 44AC1BEF1A91584300C55985 /* Project object */;
			proxyType = 1;
			remoteGlobalIDString = 44AC1BF61A91584300C55985;
			remoteInfo = Labb4;
		};
/* End PBXContainerItemProxy section */

/* Begin PBXFileReference section */
		44AC1BF71A91584300C55985 /* Labb4.app */ = {isa = PBXFileReference; explicitFileType = wrapper.application; includeInIndex = 0; path = Labb4.app; sourceTree = BUILT_PRODUCTS_DIR; };
		44AC1BFB1A91584300C55985 /* Info.plist */ = {isa = PBXFileReference; lastKnownFileType = text.plist.xml; path = Info.plist; sourceTree = "<group>"; };
		44AC1BFC1A91584300C55985 /* main.m */ = {isa = PBXFileReference; lastKnownFileType = sourcecode.c.objc; path = main.m; sourceTree = "<group>"; };
		44AC1BFE1A91584300C55985 /* AppDelegate.h */ = {isa = PBXFileReference; lastKnownFileType = sourcecode.c.h; path = AppDelegate.h; sourceTree = "<group>"; };
		44AC1BFF1A91584300C55985 /* AppDelegate.m */ = {isa = PBXFileReference; lastKnownFileType = sourcecode.c.objc; path = AppDelegate.m; sourceTree = "<group>"; };
		44AC1C011A91584300C55985 /* ViewController.h */ = {isa = PBXFileReference; lastKnownFileType = sourcecode.c.h; path = ViewController.h; sourceTree = "<group>"; };
		44AC1C021A91584300C55985 /* ViewController.m */ = {isa = PBXFileReference; lastKnownFileType = sourcecode.c.objc; path = ViewController.m; sourceTree = "<group>"; };
		44AC1C051A91584300C55985 /* Base */ = {isa = PBXFileReference; lastKnownFileType = file.storyboard; name = Base; path = Base.lproj/Main.storyboard; sourceTree = "<group>"; };
		44AC1C071A91584300C55985 /* Images.xcassets */ = {isa = PBXFileReference; lastKnownFileType = folder.assetcatalog; path = Images.xcassets; sourceTree = "<group>"; };
		44AC1C0A1A91584300C55985 /* Base */ = {isa = PBXFileReference; lastKnownFileType = file.xib; name = Base; path = Base.lproj/LaunchScreen.xib; sourceTree = "<group>"; };
		44AC1C101A91584300C55985 /* Labb4Tests.xctest */ = {isa = PBXFileReference; explicitFileType = wrapper.cfbundle; includeInIndex = 0; path = Labb4Tests.xctest; sourceTree = BUILT_PRODUCTS_DIR; };
		44AC1C151A91584300C55985 /* Info.plist */ = {isa = PBXFileReference; lastKnownFileType = text.plist.xml; path = Info.plist; sourceTree = "<group>"; };
		44AC1C161A91584300C55985 /* Labb4Tests.m */ = {isa = PBXFileReference; lastKnownFileType = sourcecode.c.objc; path = Labb4Tests.m; sourceTree = "<group>"; };
/* End PBXFileReference section */

/* Begin PBXFrameworksBuildPhase section */
		44AC1BF41A91584300C55985 /* Frameworks */ = {
			isa = PBXFrameworksBuildPhase;
			buildActionMask = 2147483647;
			files = (
			);
			runOnlyForDeploymentPostprocessing = 0;
		};
		44AC1C0D1A91584300C55985 /* Frameworks */ = {
			isa = PBXFrameworksBuildPhase;
			buildActionMask = 2147483647;
			files = (
			);
			runOnlyForDeploymentPostprocessing = 0;
		};
/* End PBXFrameworksBuildPhase section */

/* Begin PBXGroup section */
		44AC1BEE1A91584300C55985 = {
			isa = PBXGroup;
			children = (
				44AC1BF91A91584300C55985 /* Labb4 */,
				44AC1C131A91584300C55985 /* Labb4Tests */,
				44AC1BF81A91584300C55985 /* Products */,
			);
			sourceTree = "<group>";
		};
		44AC1BF81A91584300C55985 /* Products */ = {
			isa = PBXGroup;
			children = (
				44AC1BF71A91584300C55985 /* Labb4.app */,
				44AC1C101A91584300C55985 /* Labb4Tests.xctest */,
			);
			name = Products;
			sourceTree = "<group>";
		};
		44AC1BF91A91584300C55985 /* Labb4 */ = {
			isa = PBXGroup;
			children = (
				44AC1BFE1A91584300C55985 /* AppDelegate.h */,
				44AC1BFF1A91584300C55985 /* AppDelegate.m */,
				44AC1C011A91584300C55985 /* ViewController.h */,
				44AC1C021A91584300C55985 /* ViewController.m */,
				44AC1C041A91584300C55985 /* Main.storyboard */,
				44AC1C071A91584300C55985 /* Images.xcassets */,
				44AC1C091A91584300C55985 /* LaunchScreen.xib */,
				44AC1BFA1A91584300C55985 /* Supporting Files */,
			);
			path = Labb4;
			sourceTree = "<group>";
		};
		44AC1BFA1A91584300C55985 /* Supporting Files */ = {
			isa = PBXGroup;
			children = (
				44AC1BFB1A91584300C55985 /* Info.plist */,
				44AC1BFC1A91584300C55985 /* main.m */,
			);
			name = "Supporting Files";
			sourceTree = "<group>";
		};
		44AC1C131A91584300C55985 /* Labb4Tests */ = {
			isa = PBXGroup;
			children = (
				44AC1C161A91584300C55985 /* Labb4Tests.m */,
				44AC1C141A91584300C55985 /* Supporting Files */,
			);
			path = Labb4Tests;
			sourceTree = "<group>";
		};
		44AC1C141A91584300C55985 /* Supporting Files */ = {
			isa = PBXGroup;
			children = (
				44AC1C151A91584300C55985 /* Info.plist */,
			);
			name = "Supporting Files";
			sourceTree = "<group>";
		};
/* End PBXGroup section */

/* Begin PBXNativeTarget section */
		44AC1BF61A91584300C55985 /* Labb4 */ = {
			isa = PBXNativeTarget;
			buildConfigurationList = 44AC1C1A1A91584300C55985 /* Build configuration list for PBXNativeTarget "Labb4" */;
			buildPhases = (
				44AC1BF31A91584300C55985 /* Sources */,
				44AC1BF41A91584300C55985 /* Frameworks */,
				44AC1BF51A91584300C55985 /* Resources */,
			);
			buildRules = (
			);
			dependencies = (
			);
			name = Labb4;
			productName = Labb4;
			productReference = 44AC1BF71A91584300C55985 /* Labb4.app */;
			productType = "com.apple.product-type.application";
		};
		44AC1C0F1A91584300C55985 /* Labb4Tests */ = {
			isa = PBXNativeTarget;
			buildConfigurationList = 44AC1C1D1A91584300C55985 /* Build configuration list for PBXNativeTarget "Labb4Tests" */;
			buildPhases = (
				44AC1C0C1A91584300C55985 /* Sources */,
				44AC1C0D1A91584300C55985 /* Frameworks */,
				44AC1C0E1A91584300C55985 /* Resources */,
			);
			buildRules = (
			);
			dependencies = (
				44AC1C121A91584300C55985 /* PBXTargetDependency */,
			);
			name = Labb4Tests;
			productName = Labb4Tests;
			productReference = 44AC1C101A91584300C55985 /* Labb4Tests.xctest */;
			productType = "com.apple.product-type.bundle.unit-test";
		};
/* End PBXNativeTarget section */

/* Begin PBXProject section */
		44AC1BEF1A91584300C55985 /* Project object */ = {
			isa = PBXProject;
			attributes = {
				LastUpgradeCheck = 0610;
				ORGANIZATIONNAME = "IT-Högskolan";
				TargetAttributes = {
					44AC1BF61A91584300C55985 = {
						CreatedOnToolsVersion = 6.1.1;
					};
					44AC1C0F1A91584300C55985 = {
						CreatedOnToolsVersion = 6.1.1;
						TestTargetID = 44AC1BF61A91584300C55985;
					};
				};
			};
			buildConfigurationList = 44AC1BF21A91584300C55985 /* Build configuration list for PBXProject "Labb4" */;
			compatibilityVersion = "Xcode 3.2";
			developmentRegion = English;
			hasScannedForEncodings = 0;
			knownRegions = (
				en,
				Base,
			);
			mainGroup = 44AC1BEE1A91584300C55985;
			productRefGroup = 44AC1BF81A91584300C55985 /* Products */;
			projectDirPath = "";
			projectRoot = "";
			targets = (
				44AC1BF61A91584300C55985 /* Labb4 */,
				44AC1C0F1A91584300C55985 /* Labb4Tests */,
			);
		};
/* End PBXProject section */

/* Begin PBXResourcesBuildPhase section */
		44AC1BF51A91584300C55985 /* Resources */ = {
			isa = PBXResourcesBuildPhase;
			buildActionMask = 2147483647;
			files = (
				44AC1C061A91584300C55985 /* Main.storyboard in Resources */,
				44AC1C0B1A91584300C55985 /* LaunchScreen.xib in Resources */,
				44AC1C081A91584300C55985 /* Images.xcassets in Resources */,
			);
			runOnlyForDeploymentPostprocessing = 0;
		};
		44AC1C0E1A91584300C55985 /* Resources */ = {
			isa = PBXResourcesBuildPhase;
			buildActionMask = 2147483647;
			files = (
			);
			runOnlyForDeploymentPostprocessing = 0;
		};
/* End PBXResourcesBuildPhase section */

/* Begin PBXSourcesBuildPhase section */
		44AC1BF31A91584300C55985 /* Sources */ = {
			isa = PBXSourcesBuildPhase;
			buildActionMask = 2147483647;
			files = (
				44AC1C031A91584300C55985 /* ViewController.m in Sources */,
				44AC1C001A91584300C55985 /* AppDelegate.m in Sources */,
				44AC1BFD1A91584300C55985 /* main.m in Sources */,
			);
			runOnlyForDeploymentPostprocessing = 0;
		};
		44AC1C0C1A91584300C55985 /* Sources */ = {
			isa = PBXSourcesBuildPhase;
			buildActionMask = 2147483647;
			files = (
				44AC1C171A91584300C55985 /* Labb4Tests.m in Sources */,
			);
			runOnlyForDeploymentPostprocessing = 0;
		};
/* End PBXSourcesBuildPhase section */

/* Begin PBXTargetDependency section */
		44AC1C121A91584300C55985 /* PBXTargetDependency */ = {
			isa = PBXTargetDependency;
			target = 44AC1BF61A91584300C55985 /* Labb4 */;
			targetProxy = 44AC1C111A91584300C55985 /* PBXContainerItemProxy */;
		};
/* End PBXTargetDependency section */

/* Begin PBXVariantGroup section */
		44AC1C041A91584300C55985 /* Main.storyboard */ = {
			isa = PBXVariantGroup;
			children = (
				44AC1C051A91584300C55985 /* Base */,
			);
			name = Main.storyboard;
			sourceTree = "<group>";
		};
		44AC1C091A91584300C55985 /* LaunchScreen.xib */ = {
			isa = PBXVariantGroup;
			children = (
				44AC1C0A1A91584300C55985 /* Base */,
			);
			name = LaunchScreen.xib;
			sourceTree = "<group>";
		};
/* End PBXVariantGroup section */

/* Begin XCBuildConfiguration section */
		44AC1C181A91584300C55985 /* Debug */ = {
			isa = XCBuildConfiguration;
			buildSettings = {
				ALWAYS_SEARCH_USER_PATHS = NO;
				CLANG_CXX_LANGUAGE_STANDARD = "gnu++0x";
				CLANG_CXX_LIBRARY = "libc++";
				CLANG_ENABLE_MODULES = YES;
				CLANG_ENABLE_OBJC_ARC = YES;
				CLANG_WARN_BOOL_CONVERSION = YES;
				CLANG_WARN_CONSTANT_CONVERSION = YES;
				CLANG_WARN_DIRECT_OBJC_ISA_USAGE = YES_ERROR;
				CLANG_WARN_EMPTY_BODY = YES;
				CLANG_WARN_ENUM_CONVERSION = YES;
				CLANG_WARN_INT_CONVERSION = YES;
				CLANG_WARN_OBJC_ROOT_CLASS = YES_ERROR;
				CLANG_WARN_UNREACHABLE_CODE = YES;
				CLANG_WARN__DUPLICATE_METHOD_MATCH = YES;
				"CODE_SIGN_IDENTITY[sdk=iphoneos*]" = "iPhone Developer";
				COPY_PHASE_STRIP = NO;
				ENABLE_STRICT_OBJC_MSGSEND = YES;
				GCC_C_LANGUAGE_STANDARD = gnu99;
				GCC_DYNAMIC_NO_PIC = NO;
				GCC_OPTIMIZATION_LEVEL = 0;
				GCC_PREPROCESSOR_DEFINITIONS = (
					"DEBUG=1",
					"$(inherited)",
				);
				GCC_SYMBOLS_PRIVATE_EXTERN = NO;
				GCC_WARN_64_TO_32_BIT_CONVERSION = YES;
				GCC_WARN_ABOUT_RETURN_TYPE = YES_ERROR;
				GCC_WARN_UNDECLARED_SELECTOR = YES;
				GCC_WARN_UNINITIALIZED_AUTOS = YES_AGGRESSIVE;
				GCC_WARN_UNUSED_FUNCTION = YES;
				GCC_WARN_UNUSED_VARIABLE = YES;
				IPHONEOS_DEPLOYMENT_TARGET = 8.1;
				MTL_ENABLE_DEBUG_INFO = YES;
				ONLY_ACTIVE_ARCH = YES;
				SDKROOT = iphoneos;
			};
			name = Debug;
		};
		44AC1C191A91584300C55985 /* Release */ = {
			isa = XCBuildConfiguration;
			buildSettings = {
				ALWAYS_SEARCH_USER_PATHS = NO;
				CLANG_CXX_LANGUAGE_STANDARD = "gnu++0x";
				CLANG_CXX_LIBRARY = "libc++";
				CLANG_ENABLE_MODULES = YES;
				CLANG_ENABLE_OBJC_ARC = YES;
				CLANG_WARN_BOOL_CONVERSION = YES;
				CLANG_WARN_CONSTANT_CONVERSION = YES;
				CLANG_WARN_DIRECT_OBJC_ISA_USAGE = YES_ERROR;
				CLANG_WARN_EMPTY_BODY = YES;
				CLANG_WARN_ENUM_CONVERSION = YES;
				CLANG_WARN_INT_CONVERSION = YES;
				CLANG_WARN_OBJC_ROOT_CLASS = YES_ERROR;
				CLANG_WARN_UNREACHABLE_CODE = YES;
				CLANG_WARN__DUPLICATE_METHOD_MATCH = YES;
				"CODE_SIGN_IDENTITY[sdk=iphoneos*]" = "iPhone Developer";
				COPY_PHASE_STRIP = YES;
				ENABLE_NS_ASSERTIONS = NO;
				ENABLE_STRICT_OBJC_MSGSEND = YES;
				GCC_C_LANGUAGE_STANDARD = gnu99;
				GCC_WARN_64_TO_32_BIT_CONVERSION = YES;
				GCC_WARN_ABOUT_RETURN_TYPE = YES_ERROR;
				GCC_WARN_UNDECLARED_SELECTOR = YES;
				GCC_WARN_UNINITIALIZED_AUTOS = YES_AGGRESSIVE;
				GCC_WARN_UNUSED_FUNCTION = YES;
				GCC_WARN_UNUSED_VARIABLE = YES;
				IPHONEOS_DEPLOYMENT_TARGET = 8.1;
				MTL_ENABLE_DEBUG_INFO = NO;
				SDKROOT = iphoneos;
				VALIDATE_PRODUCT = YES;
			};
			name = Release;
		};
		44AC1C1B1A91584300C55985 /* Debug */ = {
			isa = XCBuildConfiguration;
			buildSettings = {
				ASSETCATALOG_COMPILER_APPICON_NAME = AppIcon;
				INFOPLIST_FILE = Labb4/Info.plist;
				LD_RUNPATH_SEARCH_PATHS = "$(inherited) @executable_path/Frameworks";
				PRODUCT_NAME = "$(TARGET_NAME)";
			};
			name = Debug;
		};
		44AC1C1C1A91584300C55985 /* Release */ = {
			isa = XCBuildConfiguration;
			buildSettings = {
				ASSETCATALOG_COMPILER_APPICON_NAME = AppIcon;
				INFOPLIST_FILE = Labb4/Info.plist;
				LD_RUNPATH_SEARCH_PATHS = "$(inherited) @executable_path/Frameworks";
				PRODUCT_NAME = "$(TARGET_NAME)";
			};
			name = Release;
		};
		44AC1C1E1A91584300C55985 /* Debug */ = {
			isa = XCBuildConfiguration;
			buildSettings = {
				BUNDLE_LOADER = "$(TEST_HOST)";
				FRAMEWORK_SEARCH_PATHS = (
					"$(SDKROOT)/Developer/Library/Frameworks",
					"$(inherited)",
				);
				GCC_PREPROCESSOR_DEFINITIONS = (
					"DEBUG=1",
					"$(inherited)",
				);
				INFOPLIST_FILE = Labb4Tests/Info.plist;
				LD_RUNPATH_SEARCH_PATHS = "$(inherited) @executable_path/Frameworks @loader_path/Frameworks";
				PRODUCT_NAME = "$(TARGET_NAME)";
				TEST_HOST = "$(BUILT_PRODUCTS_DIR)/Labb4.app/Labb4";
			};
			name = Debug;
		};
		44AC1C1F1A91584300C55985 /* Release */ = {
			isa = XCBuildConfiguration;
			buildSettings = {
				BUNDLE_LOADER = "$(TEST_HOST)";
				FRAMEWORK_SEARCH_PATHS = (
					"$(SDKROOT)/Developer/Library/Frameworks",
					"$(inherited)",
				);
				INFOPLIST_FILE = Labb4Tests/Info.plist;
				LD_RUNPATH_SEARCH_PATHS = "$(inherited) @executable_path/Frameworks @loader_path/Frameworks";
				PRODUCT_NAME = "$(TARGET_NAME)";
				TEST_HOST = "$(BUILT_PRODUCTS_DIR)/Labb4.app/Labb4";
			};
			name = Release;
		};
/* End XCBuildConfiguration section */

/* Begin XCConfigurationList section */
		44AC1BF21A91584300C55985 /* Build configuration list for PBXProject "Labb4" */ = {
			isa = XCConfigurationList;
			buildConfigurations = (
				44AC1C181A91584300C55985 /* Debug */,
				44AC1C191A91584300C55985 /* Release */,
			);
			defaultConfigurationIsVisible = 0;
			defaultConfigurationName = Release;
		};
		44AC1C1A1A91584300C55985 /* Build configuration list for PBXNativeTarget "Labb4" */ = {
			isa = XCConfigurationList;
			buildConfigurations = (
				44AC1C1B1A91584300C55985 /* Debug */,
				44AC1C1C1A91584300C55985 /* Release */,
			);
			defaultConfigurationIsVisible = 0;
		};
		44AC1C1D1A91584300C55985 /* Build configuration list for PBXNativeTarget "Labb4Tests" */ = {
			isa = XCConfigurationList;
			buildConfigurations = (
				44AC1C1E1A91584300C55985 /* Debug */,
				44AC1C1F1A91584300C55985 /* Release */,
			);
			defaultConfigurationIsVisible = 0;
		};
/* End XCConfigurationList section */
	};
	rootObject = 44AC1BEF1A91584300C55985 /* Project object */;
}
